
Microsoft Visual Studio Solution File, Format Version 12.00
# Visual Studio 15
VisualStudioVersion = 15.0.28307.421
MinimumVisualStudioVersion = 10.0.40219.1
Project("{FAE04EC0-301F-11D3-BF4B-00C04F79EFBC}") = "01_Challenge", "01_Challenge\01_Challenge.csproj", "{E18938BC-6FA4-45FE-A8B6-4354DCF64F22}"
EndProject
Global
	GlobalSection(SolutionConfigurationPlatforms) = preSolution
		Debug|Any CPU = Debug|Any CPU
		Release|Any CPU = Release|Any CPU
	EndGlobalSection
	GlobalSection(ProjectConfigurationPlatforms) = postSolution
		{E18938BC-6FA4-45FE-A8B6-4354DCF64F22}.Debug|Any CPU.ActiveCfg = Debug|Any CPU
		{E18938BC-6FA4-45FE-A8B6-4354DCF64F22}.Debug|Any CPU.Build.0 = Debug|Any CPU
		{E18938BC-6FA4-45FE-A8B6-4354DCF64F22}.Release|Any CPU.ActiveCfg = Release|Any CPU
		{E18938BC-6FA4-45FE-A8B6-4354DCF64F22}.Release|Any CPU.Build.0 = Release|Any CPU
	EndGlobalSection
	GlobalSection(SolutionProperties) = preSolution
		HideSolutionNode = FALSE
	EndGlobalSection
	GlobalSection(ExtensibilityGlobals) = postSolution
		SolutionGuid = {E08C2636-C149-4581-8AA8-48A6DB4F31D5}
	EndGlobalSection
EndGlobal
